
Microsoft Visual Studio Solution File, Format Version 12.00
# Visual Studio Version 17
VisualStudioVersion = 17.7.34009.444
MinimumVisualStudioVersion = 10.0.40219.1
Project("{9A19103F-16F7-4668-BE54-9A1E7A4F7556}") = "Condense Arrays to Numbers", "Lists More Exercises\Condense Arrays to Numbers.csproj", "{6B594E70-2360-4FFF-B605-03556AC1E2A8}"
EndProject
Project("{9A19103F-16F7-4668-BE54-9A1E7A4F7556}") = "Merging Lists", "Merging Lists\Merging Lists.csproj", "{D874CB2A-687B-4C60-9B9B-F32798C9ED8F}"
EndProject
Project("{9A19103F-16F7-4668-BE54-9A1E7A4F7556}") = "Sum Ajacent Equal Numbers", "Sum Ajacent Equal Numbers\Sum Ajacent Equal Numbers.csproj", "{694A75D4-6F0C-4C6E-BAF5-6E78A550AD25}"
EndProject
Project("{9A19103F-16F7-4668-BE54-9A1E7A4F7556}") = "Gauss Trick", "Gauss Trick\Gauss Trick.csproj", "{2192B60F-A6A5-4A21-B3C2-7534DEBDA400}"
EndProject
Project("{FAE04EC0-301F-11D3-BF4B-00C04F79EFBC}") = "Bomb Numbers", "Bomb Numbers\Bomb Numbers.csproj", "{76B83B5F-D4AA-4CD3-97E6-125E2FE8E781}"
EndProject
Project("{FAE04EC0-301F-11D3-BF4B-00C04F79EFBC}") = "Cards Game", "Cards Game\Cards Game.csproj", "{5C2E6587-109B-491B-94E8-0CA9A1ACD8BD}"
EndProject
Project("{FAE04EC0-301F-11D3-BF4B-00C04F79EFBC}") = "Zig Zag Arrays", "ConsoleApp1\Zig Zag Arrays.csproj", "{B0DDA984-BEED-4511-AFA3-B3197C273CB3}"
EndProject
Project("{FAE04EC0-301F-11D3-BF4B-00C04F79EFBC}") = "Array Rotation", "Array Rotation\Array Rotation.csproj", "{887FBB59-AEA0-42AB-87C3-39F83B873816}"
EndProject
Project("{FAE04EC0-301F-11D3-BF4B-00C04F79EFBC}") = "Array Rotation New List", "Array Rotation New List\Array Rotation New List.csproj", "{85256766-988D-477E-854F-A262547493E6}"
EndProject
Project("{FAE04EC0-301F-11D3-BF4B-00C04F79EFBC}") = "Max Sequence Of Equal Elements", "Max Sequence Of Equal Elements\Max Sequence Of Equal Elements.csproj", "{6A999F05-F524-4E0B-A421-383979B8AD5A}"
EndProject
Project("{FAE04EC0-301F-11D3-BF4B-00C04F79EFBC}") = "Top Integers", "Top Integers\Top Integers.csproj", "{3DCB67AB-1A5C-43B9-8F69-CA462F734A31}"
EndProject
Global
	GlobalSection(SolutionConfigurationPlatforms) = preSolution
		Debug|Any CPU = Debug|Any CPU
		Release|Any CPU = Release|Any CPU
	EndGlobalSection
	GlobalSection(ProjectConfigurationPlatforms) = postSolution
		{6B594E70-2360-4FFF-B605-03556AC1E2A8}.Debug|Any CPU.ActiveCfg = Debug|Any CPU
		{6B594E70-2360-4FFF-B605-03556AC1E2A8}.Debug|Any CPU.Build.0 = Debug|Any CPU
		{6B594E70-2360-4FFF-B605-03556AC1E2A8}.Release|Any CPU.ActiveCfg = Release|Any CPU
		{6B594E70-2360-4FFF-B605-03556AC1E2A8}.Release|Any CPU.Build.0 = Release|Any CPU
		{D874CB2A-687B-4C60-9B9B-F32798C9ED8F}.Debug|Any CPU.ActiveCfg = Debug|Any CPU
		{D874CB2A-687B-4C60-9B9B-F32798C9ED8F}.Debug|Any CPU.Build.0 = Debug|Any CPU
		{D874CB2A-687B-4C60-9B9B-F32798C9ED8F}.Release|Any CPU.ActiveCfg = Release|Any CPU
		{D874CB2A-687B-4C60-9B9B-F32798C9ED8F}.Release|Any CPU.Build.0 = Release|Any CPU
		{694A75D4-6F0C-4C6E-BAF5-6E78A550AD25}.Debug|Any CPU.ActiveCfg = Debug|Any CPU
		{694A75D4-6F0C-4C6E-BAF5-6E78A550AD25}.Debug|Any CPU.Build.0 = Debug|Any CPU
		{694A75D4-6F0C-4C6E-BAF5-6E78A550AD25}.Release|Any CPU.ActiveCfg = Release|Any CPU
		{694A75D4-6F0C-4C6E-BAF5-6E78A550AD25}.Release|Any CPU.Build.0 = Release|Any CPU
		{2192B60F-A6A5-4A21-B3C2-7534DEBDA400}.Debug|Any CPU.ActiveCfg = Debug|Any CPU
		{2192B60F-A6A5-4A21-B3C2-7534DEBDA400}.Debug|Any CPU.Build.0 = Debug|Any CPU
		{2192B60F-A6A5-4A21-B3C2-7534DEBDA400}.Release|Any CPU.ActiveCfg = Release|Any CPU
		{2192B60F-A6A5-4A21-B3C2-7534DEBDA400}.Release|Any CPU.Build.0 = Release|Any CPU
		{76B83B5F-D4AA-4CD3-97E6-125E2FE8E781}.Debug|Any CPU.ActiveCfg = Debug|Any CPU
		{76B83B5F-D4AA-4CD3-97E6-125E2FE8E781}.Debug|Any CPU.Build.0 = Debug|Any CPU
		{76B83B5F-D4AA-4CD3-97E6-125E2FE8E781}.Release|Any CPU.ActiveCfg = Release|Any CPU
		{76B83B5F-D4AA-4CD3-97E6-125E2FE8E781}.Release|Any CPU.Build.0 = Release|Any CPU
		{5C2E6587-109B-491B-94E8-0CA9A1ACD8BD}.Debug|Any CPU.ActiveCfg = Debug|Any CPU
		{5C2E6587-109B-491B-94E8-0CA9A1ACD8BD}.Debug|Any CPU.Build.0 = Debug|Any CPU
		{5C2E6587-109B-491B-94E8-0CA9A1ACD8BD}.Release|Any CPU.ActiveCfg = Release|Any CPU
		{5C2E6587-109B-491B-94E8-0CA9A1ACD8BD}.Release|Any CPU.Build.0 = Release|Any CPU
		{B0DDA984-BEED-4511-AFA3-B3197C273CB3}.Debug|Any CPU.ActiveCfg = Debug|Any CPU
		{B0DDA984-BEED-4511-AFA3-B3197C273CB3}.Debug|Any CPU.Build.0 = Debug|Any CPU
		{B0DDA984-BEED-4511-AFA3-B3197C273CB3}.Release|Any CPU.ActiveCfg = Release|Any CPU
		{B0DDA984-BEED-4511-AFA3-B3197C273CB3}.Release|Any CPU.Build.0 = Release|Any CPU
		{887FBB59-AEA0-42AB-87C3-39F83B873816}.Debug|Any CPU.ActiveCfg = Debug|Any CPU
		{887FBB59-AEA0-42AB-87C3-39F83B873816}.Debug|Any CPU.Build.0 = Debug|Any CPU
		{887FBB59-AEA0-42AB-87C3-39F83B873816}.Release|Any CPU.ActiveCfg = Release|Any CPU
		{887FBB59-AEA0-42AB-87C3-39F83B873816}.Release|Any CPU.Build.0 = Release|Any CPU
		{85256766-988D-477E-854F-A262547493E6}.Debug|Any CPU.ActiveCfg = Debug|Any CPU
		{85256766-988D-477E-854F-A262547493E6}.Debug|Any CPU.Build.0 = Debug|Any CPU
		{85256766-988D-477E-854F-A262547493E6}.Release|Any CPU.ActiveCfg = Release|Any CPU
		{85256766-988D-477E-854F-A262547493E6}.Release|Any CPU.Build.0 = Release|Any CPU
		{6A999F05-F524-4E0B-A421-383979B8AD5A}.Debug|Any CPU.ActiveCfg = Debug|Any CPU
		{6A999F05-F524-4E0B-A421-383979B8AD5A}.Debug|Any CPU.Build.0 = Debug|Any CPU
		{6A999F05-F524-4E0B-A421-383979B8AD5A}.Release|Any CPU.ActiveCfg = Release|Any CPU
		{6A999F05-F524-4E0B-A421-383979B8AD5A}.Release|Any CPU.Build.0 = Release|Any CPU
		{3DCB67AB-1A5C-43B9-8F69-CA462F734A31}.Debug|Any CPU.ActiveCfg = Debug|Any CPU
		{3DCB67AB-1A5C-43B9-8F69-CA462F734A31}.Debug|Any CPU.Build.0 = Debug|Any CPU
		{3DCB67AB-1A5C-43B9-8F69-CA462F734A31}.Release|Any CPU.ActiveCfg = Release|Any CPU
		{3DCB67AB-1A5C-43B9-8F69-CA462F734A31}.Release|Any CPU.Build.0 = Release|Any CPU
	EndGlobalSection
	GlobalSection(SolutionProperties) = preSolution
		HideSolutionNode = FALSE
	EndGlobalSection
	GlobalSection(ExtensibilityGlobals) = postSolution
		SolutionGuid = {55057AE5-7028-4FE5-8458-366EB50D1E5E}
	EndGlobalSection
EndGlobal
